
Microsoft Visual Studio Solution File, Format Version 12.00
# Visual Studio Version 16
VisualStudioVersion = 16.0.29519.181
MinimumVisualStudioVersion = 10.0.40219.1
Project("{FAE04EC0-301F-11D3-BF4B-00C04F79EFBC}") = "PostMachine", "Post\PostMachine.csproj", "{4A9FB4B4-1546-4432-BE2B-FA19324E5A41}"
EndProject
Project("{FAE04EC0-301F-11D3-BF4B-00C04F79EFBC}") = "TuringMachine", "TuringMachine\TuringMachine.csproj", "{886C635F-9F5B-4E83-9046-7308C18F4BDB}"
EndProject
Project("{FAE04EC0-301F-11D3-BF4B-00C04F79EFBC}") = "TapeAbstract", "TapeAbstract\TapeAbstract.csproj", "{D1F7EA37-0DBF-4AFD-9B78-7C8533FDC9EE}"
EndProject
Global
	GlobalSection(SolutionConfigurationPlatforms) = preSolution
		Debug|Any CPU = Debug|Any CPU
		Debug|x64 = Debug|x64
		Debug|x86 = Debug|x86
		Release|Any CPU = Release|Any CPU
		Release|x64 = Release|x64
		Release|x86 = Release|x86
	EndGlobalSection
	GlobalSection(ProjectConfigurationPlatforms) = postSolution
		{4A9FB4B4-1546-4432-BE2B-FA19324E5A41}.Debug|Any CPU.ActiveCfg = Debug|Any CPU
		{4A9FB4B4-1546-4432-BE2B-FA19324E5A41}.Debug|Any CPU.Build.0 = Debug|Any CPU
		{4A9FB4B4-1546-4432-BE2B-FA19324E5A41}.Debug|x64.ActiveCfg = Debug|Any CPU
		{4A9FB4B4-1546-4432-BE2B-FA19324E5A41}.Debug|x64.Build.0 = Debug|Any CPU
		{4A9FB4B4-1546-4432-BE2B-FA19324E5A41}.Debug|x86.ActiveCfg = Debug|Any CPU
		{4A9FB4B4-1546-4432-BE2B-FA19324E5A41}.Debug|x86.Build.0 = Debug|Any CPU
		{4A9FB4B4-1546-4432-BE2B-FA19324E5A41}.Release|Any CPU.ActiveCfg = Release|Any CPU
		{4A9FB4B4-1546-4432-BE2B-FA19324E5A41}.Release|Any CPU.Build.0 = Release|Any CPU
		{4A9FB4B4-1546-4432-BE2B-FA19324E5A41}.Release|x64.ActiveCfg = Release|Any CPU
		{4A9FB4B4-1546-4432-BE2B-FA19324E5A41}.Release|x64.Build.0 = Release|Any CPU
		{4A9FB4B4-1546-4432-BE2B-FA19324E5A41}.Release|x86.ActiveCfg = Release|Any CPU
		{4A9FB4B4-1546-4432-BE2B-FA19324E5A41}.Release|x86.Build.0 = Release|Any CPU
		{886C635F-9F5B-4E83-9046-7308C18F4BDB}.Debug|Any CPU.ActiveCfg = Debug|Any CPU
		{886C635F-9F5B-4E83-9046-7308C18F4BDB}.Debug|Any CPU.Build.0 = Debug|Any CPU
		{886C635F-9F5B-4E83-9046-7308C18F4BDB}.Debug|x64.ActiveCfg = Debug|Any CPU
		{886C635F-9F5B-4E83-9046-7308C18F4BDB}.Debug|x64.Build.0 = Debug|Any CPU
		{886C635F-9F5B-4E83-9046-7308C18F4BDB}.Debug|x86.ActiveCfg = Debug|Any CPU
		{886C635F-9F5B-4E83-9046-7308C18F4BDB}.Debug|x86.Build.0 = Debug|Any CPU
		{886C635F-9F5B-4E83-9046-7308C18F4BDB}.Release|Any CPU.ActiveCfg = Release|Any CPU
		{886C635F-9F5B-4E83-9046-7308C18F4BDB}.Release|Any CPU.Build.0 = Release|Any CPU
		{886C635F-9F5B-4E83-9046-7308C18F4BDB}.Release|x64.ActiveCfg = Release|Any CPU
		{886C635F-9F5B-4E83-9046-7308C18F4BDB}.Release|x64.Build.0 = Release|Any CPU
		{886C635F-9F5B-4E83-9046-7308C18F4BDB}.Release|x86.ActiveCfg = Release|Any CPU
		{886C635F-9F5B-4E83-9046-7308C18F4BDB}.Release|x86.Build.0 = Release|Any CPU
		{D1F7EA37-0DBF-4AFD-9B78-7C8533FDC9EE}.Debug|Any CPU.ActiveCfg = Debug|Any CPU
		{D1F7EA37-0DBF-4AFD-9B78-7C8533FDC9EE}.Debug|Any CPU.Build.0 = Debug|Any CPU
		{D1F7EA37-0DBF-4AFD-9B78-7C8533FDC9EE}.Debug|x64.ActiveCfg = Debug|Any CPU
		{D1F7EA37-0DBF-4AFD-9B78-7C8533FDC9EE}.Debug|x64.Build.0 = Debug|Any CPU
		{D1F7EA37-0DBF-4AFD-9B78-7C8533FDC9EE}.Debug|x86.ActiveCfg = Debug|Any CPU
		{D1F7EA37-0DBF-4AFD-9B78-7C8533FDC9EE}.Debug|x86.Build.0 = Debug|Any CPU
		{D1F7EA37-0DBF-4AFD-9B78-7C8533FDC9EE}.Release|Any CPU.ActiveCfg = Release|Any CPU
		{D1F7EA37-0DBF-4AFD-9B78-7C8533FDC9EE}.Release|Any CPU.Build.0 = Release|Any CPU
		{D1F7EA37-0DBF-4AFD-9B78-7C8533FDC9EE}.Release|x64.ActiveCfg = Release|Any CPU
		{D1F7EA37-0DBF-4AFD-9B78-7C8533FDC9EE}.Release|x64.Build.0 = Release|Any CPU
		{D1F7EA37-0DBF-4AFD-9B78-7C8533FDC9EE}.Release|x86.ActiveCfg = Release|Any CPU
		{D1F7EA37-0DBF-4AFD-9B78-7C8533FDC9EE}.Release|x86.Build.0 = Release|Any CPU
	EndGlobalSection
	GlobalSection(SolutionProperties) = preSolution
		HideSolutionNode = FALSE
	EndGlobalSection
	GlobalSection(ExtensibilityGlobals) = postSolution
		SolutionGuid = {054DA031-F14A-4E84-BA92-D467998128D8}
	EndGlobalSection
EndGlobal
